
Microsoft Visual Studio Solution File, Format Version 12.00
# Visual Studio Version 17
VisualStudioVersion = 17.2.32526.322
MinimumVisualStudioVersion = 10.0.40219.1
Project("{FAE04EC0-301F-11D3-BF4B-00C04F79EFBC}") = "InventarioWeb", "InventarioWeb\InventarioWeb.csproj", "{1CB9F068-862D-4611-A40F-11359542D698}"
EndProject
Project("{FAE04EC0-301F-11D3-BF4B-00C04F79EFBC}") = "InventarioWeb.Tests", "InventarioWeb.Tests\InventarioWeb.Tests.csproj", "{7F9245DC-2684-4BE1-B20B-F7014E203744}"
EndProject
Global
	GlobalSection(SolutionConfigurationPlatforms) = preSolution
		Debug|Any CPU = Debug|Any CPU
		Release|Any CPU = Release|Any CPU
	EndGlobalSection
	GlobalSection(ProjectConfigurationPlatforms) = postSolution
		{1CB9F068-862D-4611-A40F-11359542D698}.Debug|Any CPU.ActiveCfg = Debug|Any CPU
		{1CB9F068-862D-4611-A40F-11359542D698}.Debug|Any CPU.Build.0 = Debug|Any CPU
		{1CB9F068-862D-4611-A40F-11359542D698}.Release|Any CPU.ActiveCfg = Release|Any CPU
		{1CB9F068-862D-4611-A40F-11359542D698}.Release|Any CPU.Build.0 = Release|Any CPU
		{7F9245DC-2684-4BE1-B20B-F7014E203744}.Debug|Any CPU.ActiveCfg = Debug|Any CPU
		{7F9245DC-2684-4BE1-B20B-F7014E203744}.Debug|Any CPU.Build.0 = Debug|Any CPU
		{7F9245DC-2684-4BE1-B20B-F7014E203744}.Release|Any CPU.ActiveCfg = Release|Any CPU
		{7F9245DC-2684-4BE1-B20B-F7014E203744}.Release|Any CPU.Build.0 = Release|Any CPU
	EndGlobalSection
	GlobalSection(SolutionProperties) = preSolution
		HideSolutionNode = FALSE
	EndGlobalSection
	GlobalSection(ExtensibilityGlobals) = postSolution
		SolutionGuid = {0A2B7D5E-EF21-4946-BC14-4C0D6722412E}
	EndGlobalSection
EndGlobal
